[ "cowboy": {:git, "git://github.com/extend/cowboy.git", "e9198e73871972d14819926540f3e3f50c242432", []},
  "cowlib": {:git, "git://github.com/extend/cowlib.git", "f58340a0044856bb508df03cfe94cf79308380a2", [ref: "0.6.1"]},
  "eredis": {:git, "git://github.com/wooga/eredis.git", "313fce73b0fdb53f3a5f146a7adf19677b417cb5", [tag: "v1.0.6"]},
  "exactor": {:git, "git://github.com/sasa1977/exactor.git", "6d93cc137a38eab016cc3b4f40ec781ecf0b6844", [tag: "0.2.0"]},
  "exlager": {:git, "git://github.com/khia/exlager.git", "2a4b002dfe34abf1b03c9d26a3ebe2e101437f51", [ref: "2a4b002dfe34abf1b03c9d26a3ebe2e101437f51"]},
  "finalizer": {:git, "git://github.com/meh/elixir-finalizer.git", "4aca66d89082340e7f91d0b931d198e3e7361097", []},
  "goldrush": {:git, "git://github.com/DeadZen/goldrush.git", "71e63212f12c25827e0c1b4198d37d5d018a7fec", [tag: "0.1.6"]},
  "hackney": {:git, "git://github.com/benoitc/hackney.git", "448025a8856b66da550ad8bb96a26477523f9f66", [tag: "0.11.1"]},
  "hackney_lib": {:git, "https://github.com/benoitc/hackney_lib.git", "bf4e6fde4dd6e08b7434af7b092596b3633a872c", [tag: "0.2.4"]},
  "httposion": {:git, "git://github.com/edgurgel/httpoison.git", "48b83a57e0c2af91a88ba8d08fd906f0512ebd17", []},
  "httpotion": {:git, "git://github.com/myfreeweb/httpotion.git", "94b0fdb7bb1f5322791e3a309f2e06d0b8ab9ef3", []},
  "ibrowse": {:git, "git://github.com/cmullaparthi/ibrowse.git", "7871e2ebe8811efb64e1917e2de455fa87e8dfe3", [tag: "v4.1.0"]},
  "idna": {:git, "https://github.com/benoitc/erlang-idna.git", "301213678cc727aeab09e57d8c8da5297eb9f040", [ref: "master"]},
  "lager": {:git, "https://github.com/basho/lager.git", "4d8291edb72a25ac0efde907e2ecaa115108ff90", []},
  "mimetypes": {:git, "git://github.com/spawngrid/mimetypes.git", "47d37a977a7d633199822bf6b08353007483d00f", [ref: "master"]},
  "ranch": {:git, "git://github.com/extend/ranch.git", "5df1f222f94e08abdcab7084f5e13027143cc222", [ref: "0.9.0"]},
  "redis": {:git, "git://github.com/timbuchwaldt/elixir-redis.git", "94b953c24fb9a3507fcc56ba96f94feb90497b0d", []},
  "resource": {:git, "git://github.com/tonyrog/resource.git", "b9e1adcadcc8cb59130e0bbecbbe6777bb8d7c78", []},
  "socket": {:git, "git://github.com/meh/elixir-socket.git", "9996aad14d273ad37d00f57f26fbe3d839b397a4", []},
  "sockets": {:git, "git://github.com/meh/elixir-socket.git", "9996aad14d273ad37d00f57f26fbe3d839b397a4", []} ]
